
Microsoft Visual Studio Solution File, Format Version 12.00
# Visual Studio Version 16
VisualStudioVersion = 16.0.30503.244
MinimumVisualStudioVersion = 10.0.40219.1
Project("{2150E333-8FDC-42A3-9474-1A3956D46DE8}") = "Hausaufgaben", "Hausaufgaben", "{ED45374C-AE88-44EA-AA37-95A93F9679DE}"
EndProject
Project("{8BC9CEB8-8B4A-11D0-8D11-00A0C91BC942}") = "Aufgabe1", "Hausaufgaben\Aufgabe1\Aufgabe1.vcxproj", "{FB15D573-01F7-48C7-BAAB-2A5106D44E8E}"
EndProject
Global
	GlobalSection(SolutionConfigurationPlatforms) = preSolution
		Debug|x64 = Debug|x64
		Debug|x86 = Debug|x86
		Release|x64 = Release|x64
		Release|x86 = Release|x86
	EndGlobalSection
	GlobalSection(ProjectConfigurationPlatforms) = postSolution
		{FB15D573-01F7-48C7-BAAB-2A5106D44E8E}.Debug|x64.ActiveCfg = Debug|x64
		{FB15D573-01F7-48C7-BAAB-2A5106D44E8E}.Debug|x64.Build.0 = Debug|x64
		{FB15D573-01F7-48C7-BAAB-2A5106D44E8E}.Debug|x86.ActiveCfg = Debug|Win32
		{FB15D573-01F7-48C7-BAAB-2A5106D44E8E}.Debug|x86.Build.0 = Debug|Win32
		{FB15D573-01F7-48C7-BAAB-2A5106D44E8E}.Release|x64.ActiveCfg = Release|x64
		{FB15D573-01F7-48C7-BAAB-2A5106D44E8E}.Release|x64.Build.0 = Release|x64
		{FB15D573-01F7-48C7-BAAB-2A5106D44E8E}.Release|x86.ActiveCfg = Release|Win32
		{FB15D573-01F7-48C7-BAAB-2A5106D44E8E}.Release|x86.Build.0 = Release|Win32
	EndGlobalSection
	GlobalSection(SolutionProperties) = preSolution
		HideSolutionNode = FALSE
	EndGlobalSection
	GlobalSection(NestedProjects) = preSolution
		{FB15D573-01F7-48C7-BAAB-2A5106D44E8E} = {ED45374C-AE88-44EA-AA37-95A93F9679DE}
	EndGlobalSection
	GlobalSection(ExtensibilityGlobals) = postSolution
		SolutionGuid = {AC822514-47D4-4C2C-9AF8-389EA460E3F2}
	EndGlobalSection
EndGlobal
