
Microsoft Visual Studio Solution File, Format Version 12.00
# Visual Studio Version 16
VisualStudioVersion = 16.0.30503.244
MinimumVisualStudioVersion = 10.0.40219.1
Project("{2150E333-8FDC-42A3-9474-1A3956D46DE8}") = "Hausaufgaben", "Hausaufgaben", "{ED45374C-AE88-44EA-AA37-95A93F9679DE}"
EndProject
Project("{2150E333-8FDC-42A3-9474-1A3956D46DE8}") = "1", "1", "{ED3AAC0F-492E-4234-90F0-0090FD0A164E}"
EndProject
Project("{8BC9CEB8-8B4A-11D0-8D11-00A0C91BC942}") = "Aufgabe1", "Hausaufgaben\1\Aufgabe1\Aufgabe1.vcxproj", "{FB15D573-01F7-48C7-BAAB-2A5106D44E8E}"
EndProject
Project("{8BC9CEB8-8B4A-11D0-8D11-00A0C91BC942}") = "Aufgabe2", "Hausaufgaben\1\Aufgabe2\Aufgabe2.vcxproj", "{6C3165EE-622D-4173-81E6-DDBAB2D050DC}"
EndProject
Project("{8BC9CEB8-8B4A-11D0-8D11-00A0C91BC942}") = "Aufgabe3", "Hausaufgaben\1\Aufgabe3\Aufgabe3.vcxproj", "{13A9C556-876A-4BBF-B1CD-6EBB6631D30C}"
EndProject
Project("{8BC9CEB8-8B4A-11D0-8D11-00A0C91BC942}") = "OOS1Lib", "OOS1Lib\OOS1Lib.vcxproj", "{5203AD7F-C089-40C1-8A3F-0E717C37023D}"
EndProject
Project("{8BC9CEB8-8B4A-11D0-8D11-00A0C91BC942}") = "Aufgabe4", "Hausaufgaben\1\Aufgabe4\Aufgabe4.vcxproj", "{478DE000-5948-424F-B542-637F268C1201}"
EndProject
Project("{8BC9CEB8-8B4A-11D0-8D11-00A0C91BC942}") = "Aufgabe5", "Hausaufgaben\1\Aufgabe5\Aufgabe5.vcxproj", "{B6509D94-A1CB-4B0F-A7E4-2BFA00FED0C2}"
EndProject
Project("{8BC9CEB8-8B4A-11D0-8D11-00A0C91BC942}") = "Aufgabe6", "Hausaufgaben\1\Aufgabe6\Aufgabe6.vcxproj", "{34543E92-DCCB-4A26-A538-2AAE05CBB30F}"
EndProject
Project("{2150E333-8FDC-42A3-9474-1A3956D46DE8}") = "Laboraufgaben", "Laboraufgaben", "{34C1E32C-B168-441F-BE18-5A35295953DB}"
EndProject
Project("{2150E333-8FDC-42A3-9474-1A3956D46DE8}") = "1", "1", "{71D7FB8F-6D96-4311-AD58-6841B5696956}"
EndProject
Project("{8BC9CEB8-8B4A-11D0-8D11-00A0C91BC942}") = "LaborAufgabe1", "Laboraufgaben\1\LaborAufgabe1\LaborAufgabe1.vcxproj", "{8500E634-7FB6-4871-BDC2-261070EDA138}"
EndProject
Project("{8BC9CEB8-8B4A-11D0-8D11-00A0C91BC942}") = "LaborAufgabe2", "Laboraufgaben\1\LaborAufgabe2\LaborAufgabe2.vcxproj", "{88A32FF4-AADA-44DB-B140-B006D4300051}"
EndProject
Project("{8BC9CEB8-8B4A-11D0-8D11-00A0C91BC942}") = "LaborAufgabe3", "Laboraufgaben\1\LaborAufgabe3\LaborAufgabe3.vcxproj", "{A0D9E1A0-D630-4813-B5F3-F0F8F4BB2386}"
EndProject
Project("{8BC9CEB8-8B4A-11D0-8D11-00A0C91BC942}") = "LaborAufgabe4", "Laboraufgaben\1\LaborAufgabe4\LaborAufgabe4.vcxproj", "{FA841527-1819-4A39-86C6-E2DBF7BCBAC3}"
EndProject
Project("{8BC9CEB8-8B4A-11D0-8D11-00A0C91BC942}") = "LaborAufgabe5", "Laboraufgaben\1\LaborAufgabe5\LaborAufgabe5.vcxproj", "{2939D68E-39D6-4DAE-A15E-270BE2CD377C}"
EndProject
Project("{2150E333-8FDC-42A3-9474-1A3956D46DE8}") = "2", "2", "{33474E67-E51E-43DB-8296-C098A2FFE504}"
EndProject
Project("{2150E333-8FDC-42A3-9474-1A3956D46DE8}") = "2", "2", "{7E311A4C-D187-42EC-9382-DCC053076043}"
EndProject
Project("{8BC9CEB8-8B4A-11D0-8D11-00A0C91BC942}") = "Aufgabe1", "Hausaufgaben\2\Aufgabe1\Aufgabe1.vcxproj", "{C4A26E0F-D2F9-44B3-A9A3-C8CC335512EA}"
EndProject
Project("{8BC9CEB8-8B4A-11D0-8D11-00A0C91BC942}") = "LaborAufgabe1", "Laboraufgaben\2\LaborAufgabe1\LaborAufgabe1.vcxproj", "{C51D62BC-F031-4306-951C-589D5FBB4EB0}"
EndProject
Project("{8BC9CEB8-8B4A-11D0-8D11-00A0C91BC942}") = "Aufgabe2", "Hausaufgaben\2\Aufgabe2\Aufgabe2.vcxproj", "{C582B225-AFDC-44AD-8D2D-6763FA2460EE}"
EndProject
Project("{8BC9CEB8-8B4A-11D0-8D11-00A0C91BC942}") = "LaborAufgabe2", "Laboraufgaben\2\LaborAufgabe2\LaborAufgabe2.vcxproj", "{149C909C-3A4C-43F3-BD68-7E26A610151C}"
EndProject
Project("{8BC9CEB8-8B4A-11D0-8D11-00A0C91BC942}") = "LaborAufgabe3", "Laboraufgaben\2\LaborAufgabe3\LaborAufgabe3.vcxproj", "{85EAB208-19F7-47CE-92A2-F6E4E9DC6567}"
EndProject
Project("{2150E333-8FDC-42A3-9474-1A3956D46DE8}") = "3", "3", "{03D777B1-A0AC-4E49-A8D1-74302D8D69EE}"
EndProject
Project("{8BC9CEB8-8B4A-11D0-8D11-00A0C91BC942}") = "LaborAufgabe1", "Laboraufgaben\3\LaborAufgabe1\LaborAufgabe1.vcxproj", "{77F2DAE7-95A3-4172-B5AC-A68E11C6C854}"
EndProject
Project("{8BC9CEB8-8B4A-11D0-8D11-00A0C91BC942}") = "LaborAufgabe2", "Laboraufgaben\3\LaborAufgabe2\LaborAufgabe2.vcxproj", "{3B50BF14-9CE2-4708-B5EE-52F313586363}"
EndProject
Project("{2150E333-8FDC-42A3-9474-1A3956D46DE8}") = "3", "3", "{D975C2C7-DBAD-4181-B738-4C26A5AA0CEF}"
EndProject
Project("{8BC9CEB8-8B4A-11D0-8D11-00A0C91BC942}") = "Aufgabe1", "Hausaufgaben\3\Aufgabe1\Aufgabe1.vcxproj", "{808A4CCF-BC1B-48BE-98A8-F0295F375C71}"
EndProject
Global
	GlobalSection(SolutionConfigurationPlatforms) = preSolution
		Debug|x64 = Debug|x64
		Debug|x86 = Debug|x86
		Release|x64 = Release|x64
		Release|x86 = Release|x86
	EndGlobalSection
	GlobalSection(ProjectConfigurationPlatforms) = postSolution
		{FB15D573-01F7-48C7-BAAB-2A5106D44E8E}.Debug|x64.ActiveCfg = Debug|x64
		{FB15D573-01F7-48C7-BAAB-2A5106D44E8E}.Debug|x64.Build.0 = Debug|x64
		{FB15D573-01F7-48C7-BAAB-2A5106D44E8E}.Debug|x86.ActiveCfg = Debug|Win32
		{FB15D573-01F7-48C7-BAAB-2A5106D44E8E}.Debug|x86.Build.0 = Debug|Win32
		{FB15D573-01F7-48C7-BAAB-2A5106D44E8E}.Release|x64.ActiveCfg = Release|x64
		{FB15D573-01F7-48C7-BAAB-2A5106D44E8E}.Release|x64.Build.0 = Release|x64
		{FB15D573-01F7-48C7-BAAB-2A5106D44E8E}.Release|x86.ActiveCfg = Release|Win32
		{FB15D573-01F7-48C7-BAAB-2A5106D44E8E}.Release|x86.Build.0 = Release|Win32
		{6C3165EE-622D-4173-81E6-DDBAB2D050DC}.Debug|x64.ActiveCfg = Debug|x64
		{6C3165EE-622D-4173-81E6-DDBAB2D050DC}.Debug|x64.Build.0 = Debug|x64
		{6C3165EE-622D-4173-81E6-DDBAB2D050DC}.Debug|x86.ActiveCfg = Debug|Win32
		{6C3165EE-622D-4173-81E6-DDBAB2D050DC}.Debug|x86.Build.0 = Debug|Win32
		{6C3165EE-622D-4173-81E6-DDBAB2D050DC}.Release|x64.ActiveCfg = Release|x64
		{6C3165EE-622D-4173-81E6-DDBAB2D050DC}.Release|x64.Build.0 = Release|x64
		{6C3165EE-622D-4173-81E6-DDBAB2D050DC}.Release|x86.ActiveCfg = Release|Win32
		{6C3165EE-622D-4173-81E6-DDBAB2D050DC}.Release|x86.Build.0 = Release|Win32
		{13A9C556-876A-4BBF-B1CD-6EBB6631D30C}.Debug|x64.ActiveCfg = Debug|x64
		{13A9C556-876A-4BBF-B1CD-6EBB6631D30C}.Debug|x64.Build.0 = Debug|x64
		{13A9C556-876A-4BBF-B1CD-6EBB6631D30C}.Debug|x86.ActiveCfg = Debug|Win32
		{13A9C556-876A-4BBF-B1CD-6EBB6631D30C}.Debug|x86.Build.0 = Debug|Win32
		{13A9C556-876A-4BBF-B1CD-6EBB6631D30C}.Release|x64.ActiveCfg = Release|x64
		{13A9C556-876A-4BBF-B1CD-6EBB6631D30C}.Release|x64.Build.0 = Release|x64
		{13A9C556-876A-4BBF-B1CD-6EBB6631D30C}.Release|x86.ActiveCfg = Release|Win32
		{13A9C556-876A-4BBF-B1CD-6EBB6631D30C}.Release|x86.Build.0 = Release|Win32
		{5203AD7F-C089-40C1-8A3F-0E717C37023D}.Debug|x64.ActiveCfg = Debug|x64
		{5203AD7F-C089-40C1-8A3F-0E717C37023D}.Debug|x64.Build.0 = Debug|x64
		{5203AD7F-C089-40C1-8A3F-0E717C37023D}.Debug|x86.ActiveCfg = Debug|Win32
		{5203AD7F-C089-40C1-8A3F-0E717C37023D}.Debug|x86.Build.0 = Debug|Win32
		{5203AD7F-C089-40C1-8A3F-0E717C37023D}.Release|x64.ActiveCfg = Release|x64
		{5203AD7F-C089-40C1-8A3F-0E717C37023D}.Release|x64.Build.0 = Release|x64
		{5203AD7F-C089-40C1-8A3F-0E717C37023D}.Release|x86.ActiveCfg = Release|Win32
		{5203AD7F-C089-40C1-8A3F-0E717C37023D}.Release|x86.Build.0 = Release|Win32
		{478DE000-5948-424F-B542-637F268C1201}.Debug|x64.ActiveCfg = Debug|x64
		{478DE000-5948-424F-B542-637F268C1201}.Debug|x64.Build.0 = Debug|x64
		{478DE000-5948-424F-B542-637F268C1201}.Debug|x86.ActiveCfg = Debug|Win32
		{478DE000-5948-424F-B542-637F268C1201}.Debug|x86.Build.0 = Debug|Win32
		{478DE000-5948-424F-B542-637F268C1201}.Release|x64.ActiveCfg = Release|x64
		{478DE000-5948-424F-B542-637F268C1201}.Release|x64.Build.0 = Release|x64
		{478DE000-5948-424F-B542-637F268C1201}.Release|x86.ActiveCfg = Release|Win32
		{478DE000-5948-424F-B542-637F268C1201}.Release|x86.Build.0 = Release|Win32
		{B6509D94-A1CB-4B0F-A7E4-2BFA00FED0C2}.Debug|x64.ActiveCfg = Debug|x64
		{B6509D94-A1CB-4B0F-A7E4-2BFA00FED0C2}.Debug|x64.Build.0 = Debug|x64
		{B6509D94-A1CB-4B0F-A7E4-2BFA00FED0C2}.Debug|x86.ActiveCfg = Debug|Win32
		{B6509D94-A1CB-4B0F-A7E4-2BFA00FED0C2}.Debug|x86.Build.0 = Debug|Win32
		{B6509D94-A1CB-4B0F-A7E4-2BFA00FED0C2}.Release|x64.ActiveCfg = Release|x64
		{B6509D94-A1CB-4B0F-A7E4-2BFA00FED0C2}.Release|x64.Build.0 = Release|x64
		{B6509D94-A1CB-4B0F-A7E4-2BFA00FED0C2}.Release|x86.ActiveCfg = Release|Win32
		{B6509D94-A1CB-4B0F-A7E4-2BFA00FED0C2}.Release|x86.Build.0 = Release|Win32
		{34543E92-DCCB-4A26-A538-2AAE05CBB30F}.Debug|x64.ActiveCfg = Debug|x64
		{34543E92-DCCB-4A26-A538-2AAE05CBB30F}.Debug|x64.Build.0 = Debug|x64
		{34543E92-DCCB-4A26-A538-2AAE05CBB30F}.Debug|x86.ActiveCfg = Debug|Win32
		{34543E92-DCCB-4A26-A538-2AAE05CBB30F}.Debug|x86.Build.0 = Debug|Win32
		{34543E92-DCCB-4A26-A538-2AAE05CBB30F}.Release|x64.ActiveCfg = Release|x64
		{34543E92-DCCB-4A26-A538-2AAE05CBB30F}.Release|x64.Build.0 = Release|x64
		{34543E92-DCCB-4A26-A538-2AAE05CBB30F}.Release|x86.ActiveCfg = Release|Win32
		{34543E92-DCCB-4A26-A538-2AAE05CBB30F}.Release|x86.Build.0 = Release|Win32
		{8500E634-7FB6-4871-BDC2-261070EDA138}.Debug|x64.ActiveCfg = Debug|x64
		{8500E634-7FB6-4871-BDC2-261070EDA138}.Debug|x64.Build.0 = Debug|x64
		{8500E634-7FB6-4871-BDC2-261070EDA138}.Debug|x86.ActiveCfg = Debug|Win32
		{8500E634-7FB6-4871-BDC2-261070EDA138}.Debug|x86.Build.0 = Debug|Win32
		{8500E634-7FB6-4871-BDC2-261070EDA138}.Release|x64.ActiveCfg = Release|x64
		{8500E634-7FB6-4871-BDC2-261070EDA138}.Release|x64.Build.0 = Release|x64
		{8500E634-7FB6-4871-BDC2-261070EDA138}.Release|x86.ActiveCfg = Release|Win32
		{8500E634-7FB6-4871-BDC2-261070EDA138}.Release|x86.Build.0 = Release|Win32
		{88A32FF4-AADA-44DB-B140-B006D4300051}.Debug|x64.ActiveCfg = Debug|x64
		{88A32FF4-AADA-44DB-B140-B006D4300051}.Debug|x64.Build.0 = Debug|x64
		{88A32FF4-AADA-44DB-B140-B006D4300051}.Debug|x86.ActiveCfg = Debug|Win32
		{88A32FF4-AADA-44DB-B140-B006D4300051}.Debug|x86.Build.0 = Debug|Win32
		{88A32FF4-AADA-44DB-B140-B006D4300051}.Release|x64.ActiveCfg = Release|x64
		{88A32FF4-AADA-44DB-B140-B006D4300051}.Release|x64.Build.0 = Release|x64
		{88A32FF4-AADA-44DB-B140-B006D4300051}.Release|x86.ActiveCfg = Release|Win32
		{88A32FF4-AADA-44DB-B140-B006D4300051}.Release|x86.Build.0 = Release|Win32
		{A0D9E1A0-D630-4813-B5F3-F0F8F4BB2386}.Debug|x64.ActiveCfg = Debug|x64
		{A0D9E1A0-D630-4813-B5F3-F0F8F4BB2386}.Debug|x64.Build.0 = Debug|x64
		{A0D9E1A0-D630-4813-B5F3-F0F8F4BB2386}.Debug|x86.ActiveCfg = Debug|Win32
		{A0D9E1A0-D630-4813-B5F3-F0F8F4BB2386}.Debug|x86.Build.0 = Debug|Win32
		{A0D9E1A0-D630-4813-B5F3-F0F8F4BB2386}.Release|x64.ActiveCfg = Release|x64
		{A0D9E1A0-D630-4813-B5F3-F0F8F4BB2386}.Release|x64.Build.0 = Release|x64
		{A0D9E1A0-D630-4813-B5F3-F0F8F4BB2386}.Release|x86.ActiveCfg = Release|Win32
		{A0D9E1A0-D630-4813-B5F3-F0F8F4BB2386}.Release|x86.Build.0 = Release|Win32
		{FA841527-1819-4A39-86C6-E2DBF7BCBAC3}.Debug|x64.ActiveCfg = Debug|x64
		{FA841527-1819-4A39-86C6-E2DBF7BCBAC3}.Debug|x64.Build.0 = Debug|x64
		{FA841527-1819-4A39-86C6-E2DBF7BCBAC3}.Debug|x86.ActiveCfg = Debug|Win32
		{FA841527-1819-4A39-86C6-E2DBF7BCBAC3}.Debug|x86.Build.0 = Debug|Win32
		{FA841527-1819-4A39-86C6-E2DBF7BCBAC3}.Release|x64.ActiveCfg = Release|x64
		{FA841527-1819-4A39-86C6-E2DBF7BCBAC3}.Release|x64.Build.0 = Release|x64
		{FA841527-1819-4A39-86C6-E2DBF7BCBAC3}.Release|x86.ActiveCfg = Release|Win32
		{FA841527-1819-4A39-86C6-E2DBF7BCBAC3}.Release|x86.Build.0 = Release|Win32
		{2939D68E-39D6-4DAE-A15E-270BE2CD377C}.Debug|x64.ActiveCfg = Debug|x64
		{2939D68E-39D6-4DAE-A15E-270BE2CD377C}.Debug|x64.Build.0 = Debug|x64
		{2939D68E-39D6-4DAE-A15E-270BE2CD377C}.Debug|x86.ActiveCfg = Debug|Win32
		{2939D68E-39D6-4DAE-A15E-270BE2CD377C}.Debug|x86.Build.0 = Debug|Win32
		{2939D68E-39D6-4DAE-A15E-270BE2CD377C}.Release|x64.ActiveCfg = Release|x64
		{2939D68E-39D6-4DAE-A15E-270BE2CD377C}.Release|x64.Build.0 = Release|x64
		{2939D68E-39D6-4DAE-A15E-270BE2CD377C}.Release|x86.ActiveCfg = Release|Win32
		{2939D68E-39D6-4DAE-A15E-270BE2CD377C}.Release|x86.Build.0 = Release|Win32
		{C4A26E0F-D2F9-44B3-A9A3-C8CC335512EA}.Debug|x64.ActiveCfg = Debug|x64
		{C4A26E0F-D2F9-44B3-A9A3-C8CC335512EA}.Debug|x64.Build.0 = Debug|x64
		{C4A26E0F-D2F9-44B3-A9A3-C8CC335512EA}.Debug|x86.ActiveCfg = Debug|Win32
		{C4A26E0F-D2F9-44B3-A9A3-C8CC335512EA}.Debug|x86.Build.0 = Debug|Win32
		{C4A26E0F-D2F9-44B3-A9A3-C8CC335512EA}.Release|x64.ActiveCfg = Release|x64
		{C4A26E0F-D2F9-44B3-A9A3-C8CC335512EA}.Release|x64.Build.0 = Release|x64
		{C4A26E0F-D2F9-44B3-A9A3-C8CC335512EA}.Release|x86.ActiveCfg = Release|Win32
		{C4A26E0F-D2F9-44B3-A9A3-C8CC335512EA}.Release|x86.Build.0 = Release|Win32
		{C51D62BC-F031-4306-951C-589D5FBB4EB0}.Debug|x64.ActiveCfg = Debug|x64
		{C51D62BC-F031-4306-951C-589D5FBB4EB0}.Debug|x64.Build.0 = Debug|x64
		{C51D62BC-F031-4306-951C-589D5FBB4EB0}.Debug|x86.ActiveCfg = Debug|Win32
		{C51D62BC-F031-4306-951C-589D5FBB4EB0}.Debug|x86.Build.0 = Debug|Win32
		{C51D62BC-F031-4306-951C-589D5FBB4EB0}.Release|x64.ActiveCfg = Release|x64
		{C51D62BC-F031-4306-951C-589D5FBB4EB0}.Release|x64.Build.0 = Release|x64
		{C51D62BC-F031-4306-951C-589D5FBB4EB0}.Release|x86.ActiveCfg = Release|Win32
		{C51D62BC-F031-4306-951C-589D5FBB4EB0}.Release|x86.Build.0 = Release|Win32
		{C582B225-AFDC-44AD-8D2D-6763FA2460EE}.Debug|x64.ActiveCfg = Debug|x64
		{C582B225-AFDC-44AD-8D2D-6763FA2460EE}.Debug|x64.Build.0 = Debug|x64
		{C582B225-AFDC-44AD-8D2D-6763FA2460EE}.Debug|x86.ActiveCfg = Debug|Win32
		{C582B225-AFDC-44AD-8D2D-6763FA2460EE}.Debug|x86.Build.0 = Debug|Win32
		{C582B225-AFDC-44AD-8D2D-6763FA2460EE}.Release|x64.ActiveCfg = Release|x64
		{C582B225-AFDC-44AD-8D2D-6763FA2460EE}.Release|x64.Build.0 = Release|x64
		{C582B225-AFDC-44AD-8D2D-6763FA2460EE}.Release|x86.ActiveCfg = Release|Win32
		{C582B225-AFDC-44AD-8D2D-6763FA2460EE}.Release|x86.Build.0 = Release|Win32
		{149C909C-3A4C-43F3-BD68-7E26A610151C}.Debug|x64.ActiveCfg = Debug|x64
		{149C909C-3A4C-43F3-BD68-7E26A610151C}.Debug|x64.Build.0 = Debug|x64
		{149C909C-3A4C-43F3-BD68-7E26A610151C}.Debug|x86.ActiveCfg = Debug|Win32
		{149C909C-3A4C-43F3-BD68-7E26A610151C}.Debug|x86.Build.0 = Debug|Win32
		{149C909C-3A4C-43F3-BD68-7E26A610151C}.Release|x64.ActiveCfg = Release|x64
		{149C909C-3A4C-43F3-BD68-7E26A610151C}.Release|x64.Build.0 = Release|x64
		{149C909C-3A4C-43F3-BD68-7E26A610151C}.Release|x86.ActiveCfg = Release|Win32
		{149C909C-3A4C-43F3-BD68-7E26A610151C}.Release|x86.Build.0 = Release|Win32
		{85EAB208-19F7-47CE-92A2-F6E4E9DC6567}.Debug|x64.ActiveCfg = Debug|x64
		{85EAB208-19F7-47CE-92A2-F6E4E9DC6567}.Debug|x64.Build.0 = Debug|x64
		{85EAB208-19F7-47CE-92A2-F6E4E9DC6567}.Debug|x86.ActiveCfg = Debug|Win32
		{85EAB208-19F7-47CE-92A2-F6E4E9DC6567}.Debug|x86.Build.0 = Debug|Win32
		{85EAB208-19F7-47CE-92A2-F6E4E9DC6567}.Release|x64.ActiveCfg = Release|x64
		{85EAB208-19F7-47CE-92A2-F6E4E9DC6567}.Release|x64.Build.0 = Release|x64
		{85EAB208-19F7-47CE-92A2-F6E4E9DC6567}.Release|x86.ActiveCfg = Release|Win32
		{85EAB208-19F7-47CE-92A2-F6E4E9DC6567}.Release|x86.Build.0 = Release|Win32
		{77F2DAE7-95A3-4172-B5AC-A68E11C6C854}.Debug|x64.ActiveCfg = Debug|x64
		{77F2DAE7-95A3-4172-B5AC-A68E11C6C854}.Debug|x64.Build.0 = Debug|x64
		{77F2DAE7-95A3-4172-B5AC-A68E11C6C854}.Debug|x86.ActiveCfg = Debug|Win32
		{77F2DAE7-95A3-4172-B5AC-A68E11C6C854}.Debug|x86.Build.0 = Debug|Win32
		{77F2DAE7-95A3-4172-B5AC-A68E11C6C854}.Release|x64.ActiveCfg = Release|x64
		{77F2DAE7-95A3-4172-B5AC-A68E11C6C854}.Release|x64.Build.0 = Release|x64
		{77F2DAE7-95A3-4172-B5AC-A68E11C6C854}.Release|x86.ActiveCfg = Release|Win32
		{77F2DAE7-95A3-4172-B5AC-A68E11C6C854}.Release|x86.Build.0 = Release|Win32
		{3B50BF14-9CE2-4708-B5EE-52F313586363}.Debug|x64.ActiveCfg = Debug|x64
		{3B50BF14-9CE2-4708-B5EE-52F313586363}.Debug|x64.Build.0 = Debug|x64
		{3B50BF14-9CE2-4708-B5EE-52F313586363}.Debug|x86.ActiveCfg = Debug|Win32
		{3B50BF14-9CE2-4708-B5EE-52F313586363}.Debug|x86.Build.0 = Debug|Win32
		{3B50BF14-9CE2-4708-B5EE-52F313586363}.Release|x64.ActiveCfg = Release|x64
		{3B50BF14-9CE2-4708-B5EE-52F313586363}.Release|x64.Build.0 = Release|x64
		{3B50BF14-9CE2-4708-B5EE-52F313586363}.Release|x86.ActiveCfg = Release|Win32
		{3B50BF14-9CE2-4708-B5EE-52F313586363}.Release|x86.Build.0 = Release|Win32
		{808A4CCF-BC1B-48BE-98A8-F0295F375C71}.Debug|x64.ActiveCfg = Debug|x64
		{808A4CCF-BC1B-48BE-98A8-F0295F375C71}.Debug|x64.Build.0 = Debug|x64
		{808A4CCF-BC1B-48BE-98A8-F0295F375C71}.Debug|x86.ActiveCfg = Debug|Win32
		{808A4CCF-BC1B-48BE-98A8-F0295F375C71}.Debug|x86.Build.0 = Debug|Win32
		{808A4CCF-BC1B-48BE-98A8-F0295F375C71}.Release|x64.ActiveCfg = Release|x64
		{808A4CCF-BC1B-48BE-98A8-F0295F375C71}.Release|x64.Build.0 = Release|x64
		{808A4CCF-BC1B-48BE-98A8-F0295F375C71}.Release|x86.ActiveCfg = Release|Win32
		{808A4CCF-BC1B-48BE-98A8-F0295F375C71}.Release|x86.Build.0 = Release|Win32
	EndGlobalSection
	GlobalSection(SolutionProperties) = preSolution
		HideSolutionNode = FALSE
	EndGlobalSection
	GlobalSection(NestedProjects) = preSolution
		{ED3AAC0F-492E-4234-90F0-0090FD0A164E} = {ED45374C-AE88-44EA-AA37-95A93F9679DE}
		{FB15D573-01F7-48C7-BAAB-2A5106D44E8E} = {ED3AAC0F-492E-4234-90F0-0090FD0A164E}
		{6C3165EE-622D-4173-81E6-DDBAB2D050DC} = {ED3AAC0F-492E-4234-90F0-0090FD0A164E}
		{13A9C556-876A-4BBF-B1CD-6EBB6631D30C} = {ED3AAC0F-492E-4234-90F0-0090FD0A164E}
		{478DE000-5948-424F-B542-637F268C1201} = {ED3AAC0F-492E-4234-90F0-0090FD0A164E}
		{B6509D94-A1CB-4B0F-A7E4-2BFA00FED0C2} = {ED3AAC0F-492E-4234-90F0-0090FD0A164E}
		{34543E92-DCCB-4A26-A538-2AAE05CBB30F} = {ED3AAC0F-492E-4234-90F0-0090FD0A164E}
		{71D7FB8F-6D96-4311-AD58-6841B5696956} = {34C1E32C-B168-441F-BE18-5A35295953DB}
		{8500E634-7FB6-4871-BDC2-261070EDA138} = {71D7FB8F-6D96-4311-AD58-6841B5696956}
		{88A32FF4-AADA-44DB-B140-B006D4300051} = {71D7FB8F-6D96-4311-AD58-6841B5696956}
		{A0D9E1A0-D630-4813-B5F3-F0F8F4BB2386} = {71D7FB8F-6D96-4311-AD58-6841B5696956}
		{FA841527-1819-4A39-86C6-E2DBF7BCBAC3} = {71D7FB8F-6D96-4311-AD58-6841B5696956}
		{2939D68E-39D6-4DAE-A15E-270BE2CD377C} = {71D7FB8F-6D96-4311-AD58-6841B5696956}
		{33474E67-E51E-43DB-8296-C098A2FFE504} = {34C1E32C-B168-441F-BE18-5A35295953DB}
		{7E311A4C-D187-42EC-9382-DCC053076043} = {ED45374C-AE88-44EA-AA37-95A93F9679DE}
		{C4A26E0F-D2F9-44B3-A9A3-C8CC335512EA} = {7E311A4C-D187-42EC-9382-DCC053076043}
		{C51D62BC-F031-4306-951C-589D5FBB4EB0} = {33474E67-E51E-43DB-8296-C098A2FFE504}
		{C582B225-AFDC-44AD-8D2D-6763FA2460EE} = {7E311A4C-D187-42EC-9382-DCC053076043}
		{149C909C-3A4C-43F3-BD68-7E26A610151C} = {33474E67-E51E-43DB-8296-C098A2FFE504}
		{85EAB208-19F7-47CE-92A2-F6E4E9DC6567} = {33474E67-E51E-43DB-8296-C098A2FFE504}
		{03D777B1-A0AC-4E49-A8D1-74302D8D69EE} = {34C1E32C-B168-441F-BE18-5A35295953DB}
		{77F2DAE7-95A3-4172-B5AC-A68E11C6C854} = {03D777B1-A0AC-4E49-A8D1-74302D8D69EE}
		{3B50BF14-9CE2-4708-B5EE-52F313586363} = {03D777B1-A0AC-4E49-A8D1-74302D8D69EE}
		{D975C2C7-DBAD-4181-B738-4C26A5AA0CEF} = {ED45374C-AE88-44EA-AA37-95A93F9679DE}
		{808A4CCF-BC1B-48BE-98A8-F0295F375C71} = {D975C2C7-DBAD-4181-B738-4C26A5AA0CEF}
	EndGlobalSection
	GlobalSection(ExtensibilityGlobals) = postSolution
		SolutionGuid = {AC822514-47D4-4C2C-9AF8-389EA460E3F2}
	EndGlobalSection
EndGlobal
